
Microsoft Visual Studio Solution File, Format Version 12.00
# Visual Studio Version 17
VisualStudioVersion = 17.14.36221.1
MinimumVisualStudioVersion = 10.0.40219.1
Project("{2150E333-8FDC-42A3-9474-1A3956D46DE8}") = "src", "src", "{02EA681E-C7D8-13C7-8484-4AC65E1B71E8}"
EndProject
Project("{2150E333-8FDC-42A3-9474-1A3956D46DE8}") = "tests", "tests", "{083D7D2E-1784-4BF6-AFEF-47D13C91A8FF}"
EndProject
Project("{FAE04EC0-301F-11D3-BF4B-00C04F79EFBC}") = "Sunlix.NET.DDD.ROP", "src\Sunlix.NET.DDD.ROP\Sunlix.NET.DDD.ROP.csproj", "{7A98FA78-C40E-4336-8A57-0A6D8CA3098D}"
EndProject
Project("{FAE04EC0-301F-11D3-BF4B-00C04F79EFBC}") = "Sunlix.NET.DDD.ROP.Tests", "tests\Sunlix.NET.DDD.ROP.Tests\Sunlix.NET.DDD.ROP.Tests.csproj", "{6D758DAF-AF1D-4151-B27A-045C5AAD9029}"
EndProject
Global
	GlobalSection(SolutionConfigurationPlatforms) = preSolution
		Debug|Any CPU = Debug|Any CPU
		Release|Any CPU = Release|Any CPU
	EndGlobalSection
	GlobalSection(ProjectConfigurationPlatforms) = postSolution
		{7A98FA78-C40E-4336-8A57-0A6D8CA3098D}.Debug|Any CPU.ActiveCfg = Debug|Any CPU
		{7A98FA78-C40E-4336-8A57-0A6D8CA3098D}.Debug|Any CPU.Build.0 = Debug|Any CPU
		{7A98FA78-C40E-4336-8A57-0A6D8CA3098D}.Release|Any CPU.ActiveCfg = Release|Any CPU
		{7A98FA78-C40E-4336-8A57-0A6D8CA3098D}.Release|Any CPU.Build.0 = Release|Any CPU
		{6D758DAF-AF1D-4151-B27A-045C5AAD9029}.Debug|Any CPU.ActiveCfg = Debug|Any CPU
		{6D758DAF-AF1D-4151-B27A-045C5AAD9029}.Debug|Any CPU.Build.0 = Debug|Any CPU
		{6D758DAF-AF1D-4151-B27A-045C5AAD9029}.Release|Any CPU.ActiveCfg = Release|Any CPU
		{6D758DAF-AF1D-4151-B27A-045C5AAD9029}.Release|Any CPU.Build.0 = Release|Any CPU
	EndGlobalSection
	GlobalSection(SolutionProperties) = preSolution
		HideSolutionNode = FALSE
	EndGlobalSection
	GlobalSection(NestedProjects) = preSolution
		{7A98FA78-C40E-4336-8A57-0A6D8CA3098D} = {02EA681E-C7D8-13C7-8484-4AC65E1B71E8}
		{6D758DAF-AF1D-4151-B27A-045C5AAD9029} = {083D7D2E-1784-4BF6-AFEF-47D13C91A8FF}
	EndGlobalSection
	GlobalSection(ExtensibilityGlobals) = postSolution
		SolutionGuid = {410DEA0C-B482-4ECA-AA8E-F614DEDA5FBF}
	EndGlobalSection
EndGlobal
